// !$*UTF8*$!
{
	archiveVersion = 1;
	classes = {
	};
	objectVersion = 52;
	objects = {

/* Begin PBXBuildFile section */
		55001F3524FD60B200D09476 /* AppDelegate.swift in Sources */ = {isa = PBXBuildFile; fileRef = 55001F3424FD60B200D09476 /* AppDelegate.swift */; };
		55001F3724FD60B200D09476 /* SceneDelegate.swift in Sources */ = {isa = PBXBuildFile; fileRef = 55001F3624FD60B200D09476 /* SceneDelegate.swift */; };
		55001F3C24FD60B200D09476 /* Main.storyboard in Resources */ = {isa = PBXBuildFile; fileRef = 55001F3A24FD60B200D09476 /* Main.storyboard */; };
		55001F3E24FD60B300D09476 /* Assets.xcassets in Resources */ = {isa = PBXBuildFile; fileRef = 55001F3D24FD60B300D09476 /* Assets.xcassets */; };
		55001F4124FD60B300D09476 /* LaunchScreen.storyboard in Resources */ = {isa = PBXBuildFile; fileRef = 55001F3F24FD60B300D09476 /* LaunchScreen.storyboard */; };
		557B9AD624FD7A56001ACCE8 /* IQKeyboardManagerSwift in Frameworks */ = {isa = PBXBuildFile; productRef = 557B9AD524FD7A56001ACCE8 /* IQKeyboardManagerSwift */; };
		557B9AD824FD825F001ACCE8 /* HapticFeedback.swift in Sources */ = {isa = PBXBuildFile; fileRef = 557B9AD724FD825F001ACCE8 /* HapticFeedback.swift */; };
		55C0D13824FD61500057C158 /* MainViewController.swift in Sources */ = {isa = PBXBuildFile; fileRef = 55C0D13724FD61500057C158 /* MainViewController.swift */; };
		55F8FAEF24FDF39B00AED265 /* Swift+Gif.swift in Sources */ = {isa = PBXBuildFile; fileRef = 55F8FAEE24FDF39B00AED265 /* Swift+Gif.swift */; };
		55F8FAF124FDF43200AED265 /* gif.gif in Resources */ = {isa = PBXBuildFile; fileRef = 55F8FAF024FDF43200AED265 /* gif.gif */; };
/* End PBXBuildFile section */

/* Begin PBXFileReference section */
		55001F3124FD60B200D09476 /* Texido.app */ = {isa = PBXFileReference; explicitFileType = wrapper.application; includeInIndex = 0; path = Texido.app; sourceTree = BUILT_PRODUCTS_DIR; };
		55001F3424FD60B200D09476 /* AppDelegate.swift */ = {isa = PBXFileReference; lastKnownFileType = sourcecode.swift; path = AppDelegate.swift; sourceTree = "<group>"; };
		55001F3624FD60B200D09476 /* SceneDelegate.swift */ = {isa = PBXFileReference; lastKnownFileType = sourcecode.swift; path = SceneDelegate.swift; sourceTree = "<group>"; };
		55001F3B24FD60B200D09476 /* Base */ = {isa = PBXFileReference; lastKnownFileType = file.storyboard; name = Base; path = Base.lproj/Main.storyboard; sourceTree = "<group>"; };
		55001F3D24FD60B300D09476 /* Assets.xcassets */ = {isa = PBXFileReference; lastKnownFileType = folder.assetcatalog; path = Assets.xcassets; sourceTree = "<group>"; };
		55001F4024FD60B300D09476 /* Base */ = {isa = PBXFileReference; lastKnownFileType = file.storyboard; name = Base; path = Base.lproj/LaunchScreen.storyboard; sourceTree = "<group>"; };
		55001F4224FD60B300D09476 /* Info.plist */ = {isa = PBXFileReference; lastKnownFileType = text.plist.xml; path = Info.plist; sourceTree = "<group>"; };
		557B9AD724FD825F001ACCE8 /* HapticFeedback.swift */ = {isa = PBXFileReference; lastKnownFileType = sourcecode.swift; path = HapticFeedback.swift; sourceTree = "<group>"; };
		55C0D13724FD61500057C158 /* MainViewController.swift */ = {isa = PBXFileReference; lastKnownFileType = sourcecode.swift; path = MainViewController.swift; sourceTree = "<group>"; };
		55F8FAEE24FDF39B00AED265 /* Swift+Gif.swift */ = {isa = PBXFileReference; lastKnownFileType = sourcecode.swift; path = "Swift+Gif.swift"; sourceTree = "<group>"; };
		55F8FAF024FDF43200AED265 /* gif.gif */ = {isa = PBXFileReference; lastKnownFileType = image.gif; path = gif.gif; sourceTree = "<group>"; };
/* End PBXFileReference section */

/* Begin PBXFrameworksBuildPhase section */
		55001F2E24FD60B200D09476 /* Frameworks */ = {
			isa = PBXFrameworksBuildPhase;
			buildActionMask = 2147483647;
			files = (
				557B9AD624FD7A56001ACCE8 /* IQKeyboardManagerSwift in Frameworks */,
			);
			runOnlyForDeploymentPostprocessing = 0;
		};
/* End PBXFrameworksBuildPhase section */

/* Begin PBXGroup section */
		55001F2824FD60B200D09476 = {
			isa = PBXGroup;
			children = (
				55001F3324FD60B200D09476 /* Texido */,
				55001F3224FD60B200D09476 /* Products */,
			);
			sourceTree = "<group>";
		};
		55001F3224FD60B200D09476 /* Products */ = {
			isa = PBXGroup;
			children = (
				55001F3124FD60B200D09476 /* Texido.app */,
			);
			name = Products;
			sourceTree = "<group>";
		};
		55001F3324FD60B200D09476 /* Texido */ = {
			isa = PBXGroup;
			children = (
				55001F3424FD60B200D09476 /* AppDelegate.swift */,
				55001F3624FD60B200D09476 /* SceneDelegate.swift */,
				55001F4D24FD60EA00D09476 /* SupportingFiles */,
				55001F4C24FD60DA00D09476 /* Utilities */,
				55001F4B24FD60D300D09476 /* Controller */,
				55001F4A24FD60CD00D09476 /* Model */,
				55001F4924FD60C500D09476 /* View */,
				55001F4224FD60B300D09476 /* Info.plist */,
				55F8FAF024FDF43200AED265 /* gif.gif */,
			);
			path = Texido;
			sourceTree = "<group>";
		};
		55001F4924FD60C500D09476 /* View */ = {
			isa = PBXGroup;
			children = (
				55001F3A24FD60B200D09476 /* Main.storyboard */,
			);
			path = View;
			sourceTree = "<group>";
		};
		55001F4A24FD60CD00D09476 /* Model */ = {
			isa = PBXGroup;
			children = (
			);
			path = Model;
			sourceTree = "<group>";
		};
		55001F4B24FD60D300D09476 /* Controller */ = {
			isa = PBXGroup;
			children = (
				55C0D13724FD61500057C158 /* MainViewController.swift */,
			);
			path = Controller;
			sourceTree = "<group>";
		};
		55001F4C24FD60DA00D09476 /* Utilities */ = {
			isa = PBXGroup;
			children = (
				557B9AD724FD825F001ACCE8 /* HapticFeedback.swift */,
				55F8FAEE24FDF39B00AED265 /* Swift+Gif.swift */,
			);
			path = Utilities;
			sourceTree = "<group>";
		};
		55001F4D24FD60EA00D09476 /* SupportingFiles */ = {
			isa = PBXGroup;
			children = (
				55001F3D24FD60B300D09476 /* Assets.xcassets */,
				55001F3F24FD60B300D09476 /* LaunchScreen.storyboard */,
			);
			path = SupportingFiles;
			sourceTree = "<group>";
		};
/* End PBXGroup section */

/* Begin PBXNativeTarget section */
		55001F3024FD60B200D09476 /* Texido */ = {
			isa = PBXNativeTarget;
			buildConfigurationList = 55001F4524FD60B300D09476 /* Build configuration list for PBXNativeTarget "Texido" */;
			buildPhases = (
				55001F2D24FD60B200D09476 /* Sources */,
				55001F2E24FD60B200D09476 /* Frameworks */,
				55001F2F24FD60B200D09476 /* Resources */,
			);
			buildRules = (
			);
			dependencies = (
			);
			name = Texido;
			packageProductDependencies = (
				557B9AD524FD7A56001ACCE8 /* IQKeyboardManagerSwift */,
			);
			productName = Texido;
			productReference = 55001F3124FD60B200D09476 /* Texido.app */;
			productType = "com.apple.product-type.application";
		};
/* End PBXNativeTarget section */

/* Begin PBXProject section */
		55001F2924FD60B200D09476 /* Project object */ = {
			isa = PBXProject;
			attributes = {
				LastSwiftUpdateCheck = 1160;
				LastUpgradeCheck = 1160;
				ORGANIZATIONNAME = "Gokul Nair";
				TargetAttributes = {
					55001F3024FD60B200D09476 = {
						CreatedOnToolsVersion = 11.6;
					};
				};
			};
			buildConfigurationList = 55001F2C24FD60B200D09476 /* Build configuration list for PBXProject "Texido" */;
			compatibilityVersion = "Xcode 9.3";
			developmentRegion = en;
			hasScannedForEncodings = 0;
			knownRegions = (
				en,
				Base,
			);
			mainGroup = 55001F2824FD60B200D09476;
			packageReferences = (
				557B9AD424FD7A56001ACCE8 /* XCRemoteSwiftPackageReference "IQKeyboardManager" */,
			);
			productRefGroup = 55001F3224FD60B200D09476 /* Products */;
			projectDirPath = "";
			projectRoot = "";
			targets = (
				55001F3024FD60B200D09476 /* Texido */,
			);
		};
/* End PBXProject section */

/* Begin PBXResourcesBuildPhase section */
		55001F2F24FD60B200D09476 /* Resources */ = {
			isa = PBXResourcesBuildPhase;
			buildActionMask = 2147483647;
			files = (
				55001F4124FD60B300D09476 /* LaunchScreen.storyboard in Resources */,
				55001F3E24FD60B300D09476 /* Assets.xcassets in Resources */,
				55F8FAF124FDF43200AED265 /* gif.gif in Resources */,
				55001F3C24FD60B200D09476 /* Main.storyboard in Resources */,
			);
			runOnlyForDeploymentPostprocessing = 0;
		};
/* End PBXResourcesBuildPhase section */

/* Begin PBXSourcesBuildPhase section */
		55001F2D24FD60B200D09476 /* Sources */ = {
			isa = PBXSourcesBuildPhase;
			buildActionMask = 2147483647;
			files = (
				55001F3524FD60B200D09476 /* AppDelegate.swift in Sources */,
				557B9AD824FD825F001ACCE8 /* HapticFeedback.swift in Sources */,
				55001F3724FD60B200D09476 /* SceneDelegate.swift in Sources */,
				55C0D13824FD61500057C158 /* MainViewController.swift in Sources */,
				55F8FAEF24FDF39B00AED265 /* Swift+Gif.swift in Sources */,
			);
			runOnlyForDeploymentPostprocessing = 0;
		};
/* End PBXSourcesBuildPhase section */

/* Begin PBXVariantGroup section */
		55001F3A24FD60B200D09476 /* Main.storyboard */ = {
			isa = PBXVariantGroup;
			children = (
				55001F3B24FD60B200D09476 /* Base */,
			);
			name = Main.storyboard;
			sourceTree = "<group>";
		};
		55001F3F24FD60B300D09476 /* LaunchScreen.storyboard */ = {
			isa = PBXVariantGroup;
			children = (
				55001F4024FD60B300D09476 /* Base */,
			);
			name = LaunchScreen.storyboard;
			sourceTree = "<group>";
		};
/* End PBXVariantGroup section */

/* Begin XCBuildConfiguration section */
		55001F4324FD60B300D09476 /* Debug */ = {
			isa = XCBuildConfiguration;
			buildSettings = {
				ALWAYS_SEARCH_USER_PATHS = NO;
				CLANG_ANALYZER_NONNULL = YES;
				CLANG_ANALYZER_NUMBER_OBJECT_CONVERSION = YES_AGGRESSIVE;
				CLANG_CXX_LANGUAGE_STANDARD = "gnu++14";
				CLANG_CXX_LIBRARY = "libc++";
				CLANG_ENABLE_MODULES = YES;
				CLANG_ENABLE_OBJC_ARC = YES;
				CLANG_ENABLE_OBJC_WEAK = YES;
				CLANG_WARN_BLOCK_CAPTURE_AUTORELEASING = YES;
				CLANG_WARN_BOOL_CONVERSION = YES;
				CLANG_WARN_COMMA = YES;
				CLANG_WARN_CONSTANT_CONVERSION = YES;
				CLANG_WARN_DEPRECATED_OBJC_IMPLEMENTATIONS = YES;
				CLANG_WARN_DIRECT_OBJC_ISA_USAGE = YES_ERROR;
				CLANG_WARN_DOCUMENTATION_COMMENTS = YES;
				CLANG_WARN_EMPTY_BODY = YES;
				CLANG_WARN_ENUM_CONVERSION = YES;
				CLANG_WARN_INFINITE_RECURSION = YES;
				CLANG_WARN_INT_CONVERSION = YES;
				CLANG_WARN_NON_LITERAL_NULL_CONVERSION = YES;
				CLANG_WARN_OBJC_IMPLICIT_RETAIN_SELF = YES;
				CLANG_WARN_OBJC_LITERAL_CONVERSION = YES;
				CLANG_WARN_OBJC_ROOT_CLASS = YES_ERROR;
				CLANG_WARN_RANGE_LOOP_ANALYSIS = YES;
				CLANG_WARN_STRICT_PROTOTYPES = YES;
				CLANG_WARN_SUSPICIOUS_MOVE = YES;
				CLANG_WARN_UNGUARDED_AVAILABILITY = YES_AGGRESSIVE;
				CLANG_WARN_UNREACHABLE_CODE = YES;
				CLANG_WARN__DUPLICATE_METHOD_MATCH = YES;
				COPY_PHASE_STRIP = NO;
				DEBUG_INFORMATION_FORMAT = dwarf;
				ENABLE_STRICT_OBJC_MSGSEND = YES;
				ENABLE_TESTABILITY = YES;
				GCC_C_LANGUAGE_STANDARD = gnu11;
				GCC_DYNAMIC_NO_PIC = NO;
				GCC_NO_COMMON_BLOCKS = YES;
				GCC_OPTIMIZATION_LEVEL = 0;
				GCC_PREPROCESSOR_DEFINITIONS = (
					"DEBUG=1",
					"$(inherited)",
				);
				GCC_WARN_64_TO_32_BIT_CONVERSION = YES;
				GCC_WARN_ABOUT_RETURN_TYPE = YES_ERROR;
				GCC_WARN_UNDECLARED_SELECTOR = YES;
				GCC_WARN_UNINITIALIZED_AUTOS = YES_AGGRESSIVE;
				GCC_WARN_UNUSED_FUNCTION = YES;
				GCC_WARN_UNUSED_VARIABLE = YES;
				IPHONEOS_DEPLOYMENT_TARGET = 13.6;
				MTL_ENABLE_DEBUG_INFO = INCLUDE_SOURCE;
				MTL_FAST_MATH = YES;
				ONLY_ACTIVE_ARCH = YES;
				SDKROOT = iphoneos;
				SWIFT_ACTIVE_COMPILATION_CONDITIONS = DEBUG;
				SWIFT_OPTIMIZATION_LEVEL = "-Onone";
			};
			name = Debug;
		};
		55001F4424FD60B300D09476 /* Release */ = {
			isa = XCBuildConfiguration;
			buildSettings = {
				ALWAYS_SEARCH_USER_PATHS = NO;
				CLANG_ANALYZER_NONNULL = YES;
				CLANG_ANALYZER_NUMBER_OBJECT_CONVERSION = YES_AGGRESSIVE;
				CLANG_CXX_LANGUAGE_STANDARD = "gnu++14";
				CLANG_CXX_LIBRARY = "libc++";
				CLANG_ENABLE_MODULES = YES;
				CLANG_ENABLE_OBJC_ARC = YES;
				CLANG_ENABLE_OBJC_WEAK = YES;
				CLANG_WARN_BLOCK_CAPTURE_AUTORELEASING = YES;
				CLANG_WARN_BOOL_CONVERSION = YES;
				CLANG_WARN_COMMA = YES;
				CLANG_WARN_CONSTANT_CONVERSION = YES;
				CLANG_WARN_DEPRECATED_OBJC_IMPLEMENTATIONS = YES;
				CLANG_WARN_DIRECT_OBJC_ISA_USAGE = YES_ERROR;
				CLANG_WARN_DOCUMENTATION_COMMENTS = YES;
				CLANG_WARN_EMPTY_BODY = YES;
				CLANG_WARN_ENUM_CONVERSION = YES;
				CLANG_WARN_INFINITE_RECURSION = YES;
				CLANG_WARN_INT_CONVERSION = YES;
				CLANG_WARN_NON_LITERAL_NULL_CONVERSION = YES;
				CLANG_WARN_OBJC_IMPLICIT_RETAIN_SELF = YES;
				CLANG_WARN_OBJC_LITERAL_CONVERSION = YES;
				CLANG_WARN_OBJC_ROOT_CLASS = YES_ERROR;
				CLANG_WARN_RANGE_LOOP_ANALYSIS = YES;
				CLANG_WARN_STRICT_PROTOTYPES = YES;
				CLANG_WARN_SUSPICIOUS_MOVE = YES;
				CLANG_WARN_UNGUARDED_AVAILABILITY = YES_AGGRESSIVE;
				CLANG_WARN_UNREACHABLE_CODE = YES;
				CLANG_WARN__DUPLICATE_METHOD_MATCH = YES;
				COPY_PHASE_STRIP = NO;
				DEBUG_INFORMATION_FORMAT = "dwarf-with-dsym";
				ENABLE_NS_ASSERTIONS = NO;
				ENABLE_STRICT_OBJC_MSGSEND = YES;
				GCC_C_LANGUAGE_STANDARD = gnu11;
				GCC_NO_COMMON_BLOCKS = YES;
				GCC_WARN_64_TO_32_BIT_CONVERSION = YES;
				GCC_WARN_ABOUT_RETURN_TYPE = YES_ERROR;
				GCC_WARN_UNDECLARED_SELECTOR = YES;
				GCC_WARN_UNINITIALIZED_AUTOS = YES_AGGRESSIVE;
				GCC_WARN_UNUSED_FUNCTION = YES;
				GCC_WARN_UNUSED_VARIABLE = YES;
				IPHONEOS_DEPLOYMENT_TARGET = 13.6;
				MTL_ENABLE_DEBUG_INFO = NO;
				MTL_FAST_MATH = YES;
				SDKROOT = iphoneos;
				SWIFT_COMPILATION_MODE = wholemodule;
				SWIFT_OPTIMIZATION_LEVEL = "-O";
				VALIDATE_PRODUCT = YES;
			};
			name = Release;
		};
		55001F4624FD60B300D09476 /* Debug */ = {
			isa = XCBuildConfiguration;
			buildSettings = {
				ASSETCATALOG_COMPILER_APPICON_NAME = AppIcon;
				CODE_SIGN_STYLE = Automatic;
				DEVELOPMENT_TEAM = GJM8829Q7N;
				INFOPLIST_FILE = Texido/Info.plist;
				LD_RUNPATH_SEARCH_PATHS = (
					"$(inherited)",
					"@executable_path/Frameworks",
				);
				PRODUCT_BUNDLE_IDENTIFIER = com.gokulnair.Texido;
				PRODUCT_NAME = Texido;
				SWIFT_VERSION = 5.0;
				TARGETED_DEVICE_FAMILY = "1,2";
			};
			name = Debug;
		};
		55001F4724FD60B300D09476 /* Release */ = {
			isa = XCBuildConfiguration;
			buildSettings = {
				ASSETCATALOG_COMPILER_APPICON_NAME = AppIcon;
				CODE_SIGN_STYLE = Automatic;
				DEVELOPMENT_TEAM = GJM8829Q7N;
				INFOPLIST_FILE = Texido/Info.plist;
				LD_RUNPATH_SEARCH_PATHS = (
					"$(inherited)",
					"@executable_path/Frameworks",
				);
				PRODUCT_BUNDLE_IDENTIFIER = com.gokulnair.Texido;
				PRODUCT_NAME = Texido;
				SWIFT_VERSION = 5.0;
				TARGETED_DEVICE_FAMILY = "1,2";
			};
			name = Release;
		};
/* End XCBuildConfiguration section */

/* Begin XCConfigurationList section */
		55001F2C24FD60B200D09476 /* Build configuration list for PBXProject "Texido" */ = {
			isa = XCConfigurationList;
			buildConfigurations = (
				55001F4324FD60B300D09476 /* Debug */,
				55001F4424FD60B300D09476 /* Release */,
			);
			defaultConfigurationIsVisible = 0;
			defaultConfigurationName = Release;
		};
		55001F4524FD60B300D09476 /* Build configuration list for PBXNativeTarget "Texido" */ = {
			isa = XCConfigurationList;
			buildConfigurations = (
				55001F4624FD60B300D09476 /* Debug */,
				55001F4724FD60B300D09476 /* Release */,
			);
			defaultConfigurationIsVisible = 0;
			defaultConfigurationName = Release;
		};
/* End XCConfigurationList section */

/* Begin XCRemoteSwiftPackageReference section */
		557B9AD424FD7A56001ACCE8 /* XCRemoteSwiftPackageReference "IQKeyboardManager" */ = {
			isa = XCRemoteSwiftPackageReference;
			repositoryURL = "https://github.com/hackiftekhar/IQKeyboardManager.git";
			requirement = {
				kind = upToNextMajorVersion;
				minimumVersion = 6.5.6;
			};
		};
/* End XCRemoteSwiftPackageReference section */

/* Begin XCSwiftPackageProductDependency section */
		557B9AD524FD7A56001ACCE8 /* IQKeyboardManagerSwift */ = {
			isa = XCSwiftPackageProductDependency;
			package = 557B9AD424FD7A56001ACCE8 /* XCRemoteSwiftPackageReference "IQKeyboardManager" */;
			productName = IQKeyboardManagerSwift;
		};
/* End XCSwiftPackageProductDependency section */
	};
	rootObject = 55001F2924FD60B200D09476 /* Project object */;
}
